
Microsoft Visual Studio Solution File, Format Version 12.00
# Visual Studio Version 16
VisualStudioVersion = 16.0.30611.23
MinimumVisualStudioVersion = 10.0.40219.1
Project("{8BC9CEB8-8B4A-11D0-8D11-00A0C91BC942}") = "helloworld", "helloworld\helloworld.vcxproj", "{C4ECB5FE-E17D-40F7-9B21-F048E273B83C}"
EndProject
Project("{8BC9CEB8-8B4A-11D0-8D11-00A0C91BC942}") = "myinfo", "myinfo\myinfo.vcxproj", "{BCEA546D-9C58-43E2-B866-FDDD3AD913A0}"
EndProject
Project("{8BC9CEB8-8B4A-11D0-8D11-00A0C91BC942}") = "测试", "测试\测试.vcxproj", "{DAA7A13D-434D-450F-99CF-CAB1BF519962}"
EndProject
Project("{8BC9CEB8-8B4A-11D0-8D11-00A0C91BC942}") = "人民币转大写", "人民币转大写\人民币转大写.vcxproj", "{9D9F5971-D197-42C7-837C-0168016351C1}"
EndProject
Project("{8BC9CEB8-8B4A-11D0-8D11-00A0C91BC942}") = "阶乘累加", "阶乘累加\阶乘累加.vcxproj", "{8DB28A2F-DCF6-4BC1-A127-68E26B992C46}"
EndProject
Project("{8BC9CEB8-8B4A-11D0-8D11-00A0C91BC942}") = "Legendre多项式", "Legendre多项式\Legendre多项式.vcxproj", "{0C7F16C9-11EA-4EC3-B488-D3CD7E9890CF}"
EndProject
Project("{8BC9CEB8-8B4A-11D0-8D11-00A0C91BC942}") = "汉诺塔-基本移动", "汉诺塔-基本移动\汉诺塔-基本移动.vcxproj", "{BEF63BA5-9F66-4080-AADA-BB9D807CA838}"
EndProject
Project("{8BC9CEB8-8B4A-11D0-8D11-00A0C91BC942}") = "汉诺塔-步数记录-全局变量（C方式）", "汉诺塔-步数记录-全局变量（C方式）\汉诺塔-步数记录-全局变量（C方式）.vcxproj", "{F8A8EDAF-4F58-4FE0-94D3-2043C9C826B8}"
EndProject
Project("{8BC9CEB8-8B4A-11D0-8D11-00A0C91BC942}") = "汉诺塔-步数记录-静态局部变量", "汉诺塔-步数记录-静态局部变量\汉诺塔-步数记录-静态局部变量.vcxproj", "{3A3A036C-D9D3-4317-95FB-02EB337D6BD4}"
EndProject
Project("{8BC9CEB8-8B4A-11D0-8D11-00A0C91BC942}") = "整数分解-正序", "整数分解-正序\整数分解-正序.vcxproj", "{253BBD89-3CC2-4C54-A474-1268EA0EED26}"
EndProject
Project("{8BC9CEB8-8B4A-11D0-8D11-00A0C91BC942}") = "整数分解-逆序（C方式）", "整数分解-逆序（C方式）\整数分解-逆序（C方式）.vcxproj", "{D19B14C6-CD56-4958-9EAD-47456784C577}"
EndProject
Project("{8BC9CEB8-8B4A-11D0-8D11-00A0C91BC942}") = "斐波那契数列（递归实现）", "斐波那契数列（递归实现）\斐波那契数列（递归实现）.vcxproj", "{6B58695A-31EE-4621-9F3C-FA9F02BC73C2}"
EndProject
Project("{8BC9CEB8-8B4A-11D0-8D11-00A0C91BC942}") = "判断是否为幂", "判断是否为幂\判断是否为幂.vcxproj", "{E0B54AFD-F503-46C6-8862-6D9BB2C71474}"
EndProject
Project("{8BC9CEB8-8B4A-11D0-8D11-00A0C91BC942}") = "输出字母塔", "输出字母塔\输出字母塔.vcxproj", "{DD0FF61E-CD0C-4399-9432-31D1DD9BDD0A}"
EndProject
Project("{8BC9CEB8-8B4A-11D0-8D11-00A0C91BC942}") = "一元二次根（单源文件）", "一元二次根（单源文件）\一元二次根（单源文件）.vcxproj", "{CA6FB087-9621-4BC4-A7A3-47BB80722AFC}"
EndProject
Project("{8BC9CEB8-8B4A-11D0-8D11-00A0C91BC942}") = "4-b19_max重载函数", "4-b19_max重载函数\4-b19_max重载函数.vcxproj", "{0095CC1C-71D7-4325-9909-4668344F9384}"
EndProject
Project("{8BC9CEB8-8B4A-11D0-8D11-00A0C91BC942}") = "4-b20_min带缺省参数", "4-b20_min带缺省参数\4-b20_min带缺省参数.vcxproj", "{E81F239A-707A-4070-ACA5-56E4CF4544E0}"
EndProject
Project("{8BC9CEB8-8B4A-11D0-8D11-00A0C91BC942}") = "4-b21-1_函数模板-比较参数空间大小", "4-b21-1_函数模板-比较参数空间大小\4-b21-1_函数模板-比较参数空间大小.vcxproj", "{6327092A-5726-48FD-994A-FF62C4F446C8}"
EndProject
Project("{8BC9CEB8-8B4A-11D0-8D11-00A0C91BC942}") = "4-b21-2_函数模板-累加和", "4-b21-2_函数模板-累加和\4-b21-2_函数模板-累加和.vcxproj", "{13284C6F-F44D-4D21-AF39-CF9C9742DA23}"
EndProject
Global
	GlobalSection(SolutionConfigurationPlatforms) = preSolution
		Debug|x64 = Debug|x64
		Debug|x86 = Debug|x86
		Release|x64 = Release|x64
		Release|x86 = Release|x86
	EndGlobalSection
	GlobalSection(ProjectConfigurationPlatforms) = postSolution
		{C4ECB5FE-E17D-40F7-9B21-F048E273B83C}.Debug|x64.ActiveCfg = Debug|x64
		{C4ECB5FE-E17D-40F7-9B21-F048E273B83C}.Debug|x64.Build.0 = Debug|x64
		{C4ECB5FE-E17D-40F7-9B21-F048E273B83C}.Debug|x86.ActiveCfg = Debug|Win32
		{C4ECB5FE-E17D-40F7-9B21-F048E273B83C}.Debug|x86.Build.0 = Debug|Win32
		{C4ECB5FE-E17D-40F7-9B21-F048E273B83C}.Release|x64.ActiveCfg = Release|x64
		{C4ECB5FE-E17D-40F7-9B21-F048E273B83C}.Release|x64.Build.0 = Release|x64
		{C4ECB5FE-E17D-40F7-9B21-F048E273B83C}.Release|x86.ActiveCfg = Release|Win32
		{C4ECB5FE-E17D-40F7-9B21-F048E273B83C}.Release|x86.Build.0 = Release|Win32
		{BCEA546D-9C58-43E2-B866-FDDD3AD913A0}.Debug|x64.ActiveCfg = Debug|x64
		{BCEA546D-9C58-43E2-B866-FDDD3AD913A0}.Debug|x64.Build.0 = Debug|x64
		{BCEA546D-9C58-43E2-B866-FDDD3AD913A0}.Debug|x86.ActiveCfg = Debug|Win32
		{BCEA546D-9C58-43E2-B866-FDDD3AD913A0}.Debug|x86.Build.0 = Debug|Win32
		{BCEA546D-9C58-43E2-B866-FDDD3AD913A0}.Release|x64.ActiveCfg = Release|x64
		{BCEA546D-9C58-43E2-B866-FDDD3AD913A0}.Release|x64.Build.0 = Release|x64
		{BCEA546D-9C58-43E2-B866-FDDD3AD913A0}.Release|x86.ActiveCfg = Release|Win32
		{BCEA546D-9C58-43E2-B866-FDDD3AD913A0}.Release|x86.Build.0 = Release|Win32
		{DAA7A13D-434D-450F-99CF-CAB1BF519962}.Debug|x64.ActiveCfg = Debug|x64
		{DAA7A13D-434D-450F-99CF-CAB1BF519962}.Debug|x64.Build.0 = Debug|x64
		{DAA7A13D-434D-450F-99CF-CAB1BF519962}.Debug|x86.ActiveCfg = Debug|Win32
		{DAA7A13D-434D-450F-99CF-CAB1BF519962}.Debug|x86.Build.0 = Debug|Win32
		{DAA7A13D-434D-450F-99CF-CAB1BF519962}.Release|x64.ActiveCfg = Release|x64
		{DAA7A13D-434D-450F-99CF-CAB1BF519962}.Release|x64.Build.0 = Release|x64
		{DAA7A13D-434D-450F-99CF-CAB1BF519962}.Release|x86.ActiveCfg = Release|Win32
		{DAA7A13D-434D-450F-99CF-CAB1BF519962}.Release|x86.Build.0 = Release|Win32
		{9D9F5971-D197-42C7-837C-0168016351C1}.Debug|x64.ActiveCfg = Debug|x64
		{9D9F5971-D197-42C7-837C-0168016351C1}.Debug|x64.Build.0 = Debug|x64
		{9D9F5971-D197-42C7-837C-0168016351C1}.Debug|x86.ActiveCfg = Debug|Win32
		{9D9F5971-D197-42C7-837C-0168016351C1}.Debug|x86.Build.0 = Debug|Win32
		{9D9F5971-D197-42C7-837C-0168016351C1}.Release|x64.ActiveCfg = Release|x64
		{9D9F5971-D197-42C7-837C-0168016351C1}.Release|x64.Build.0 = Release|x64
		{9D9F5971-D197-42C7-837C-0168016351C1}.Release|x86.ActiveCfg = Release|Win32
		{9D9F5971-D197-42C7-837C-0168016351C1}.Release|x86.Build.0 = Release|Win32
		{8DB28A2F-DCF6-4BC1-A127-68E26B992C46}.Debug|x64.ActiveCfg = Debug|x64
		{8DB28A2F-DCF6-4BC1-A127-68E26B992C46}.Debug|x64.Build.0 = Debug|x64
		{8DB28A2F-DCF6-4BC1-A127-68E26B992C46}.Debug|x86.ActiveCfg = Debug|Win32
		{8DB28A2F-DCF6-4BC1-A127-68E26B992C46}.Debug|x86.Build.0 = Debug|Win32
		{8DB28A2F-DCF6-4BC1-A127-68E26B992C46}.Release|x64.ActiveCfg = Release|x64
		{8DB28A2F-DCF6-4BC1-A127-68E26B992C46}.Release|x64.Build.0 = Release|x64
		{8DB28A2F-DCF6-4BC1-A127-68E26B992C46}.Release|x86.ActiveCfg = Release|Win32
		{8DB28A2F-DCF6-4BC1-A127-68E26B992C46}.Release|x86.Build.0 = Release|Win32
		{0C7F16C9-11EA-4EC3-B488-D3CD7E9890CF}.Debug|x64.ActiveCfg = Debug|x64
		{0C7F16C9-11EA-4EC3-B488-D3CD7E9890CF}.Debug|x64.Build.0 = Debug|x64
		{0C7F16C9-11EA-4EC3-B488-D3CD7E9890CF}.Debug|x86.ActiveCfg = Debug|Win32
		{0C7F16C9-11EA-4EC3-B488-D3CD7E9890CF}.Debug|x86.Build.0 = Debug|Win32
		{0C7F16C9-11EA-4EC3-B488-D3CD7E9890CF}.Release|x64.ActiveCfg = Release|x64
		{0C7F16C9-11EA-4EC3-B488-D3CD7E9890CF}.Release|x64.Build.0 = Release|x64
		{0C7F16C9-11EA-4EC3-B488-D3CD7E9890CF}.Release|x86.ActiveCfg = Release|Win32
		{0C7F16C9-11EA-4EC3-B488-D3CD7E9890CF}.Release|x86.Build.0 = Release|Win32
		{BEF63BA5-9F66-4080-AADA-BB9D807CA838}.Debug|x64.ActiveCfg = Debug|x64
		{BEF63BA5-9F66-4080-AADA-BB9D807CA838}.Debug|x64.Build.0 = Debug|x64
		{BEF63BA5-9F66-4080-AADA-BB9D807CA838}.Debug|x86.ActiveCfg = Debug|Win32
		{BEF63BA5-9F66-4080-AADA-BB9D807CA838}.Debug|x86.Build.0 = Debug|Win32
		{BEF63BA5-9F66-4080-AADA-BB9D807CA838}.Release|x64.ActiveCfg = Release|x64
		{BEF63BA5-9F66-4080-AADA-BB9D807CA838}.Release|x64.Build.0 = Release|x64
		{BEF63BA5-9F66-4080-AADA-BB9D807CA838}.Release|x86.ActiveCfg = Release|Win32
		{BEF63BA5-9F66-4080-AADA-BB9D807CA838}.Release|x86.Build.0 = Release|Win32
		{F8A8EDAF-4F58-4FE0-94D3-2043C9C826B8}.Debug|x64.ActiveCfg = Debug|x64
		{F8A8EDAF-4F58-4FE0-94D3-2043C9C826B8}.Debug|x64.Build.0 = Debug|x64
		{F8A8EDAF-4F58-4FE0-94D3-2043C9C826B8}.Debug|x86.ActiveCfg = Debug|Win32
		{F8A8EDAF-4F58-4FE0-94D3-2043C9C826B8}.Debug|x86.Build.0 = Debug|Win32
		{F8A8EDAF-4F58-4FE0-94D3-2043C9C826B8}.Release|x64.ActiveCfg = Release|x64
		{F8A8EDAF-4F58-4FE0-94D3-2043C9C826B8}.Release|x64.Build.0 = Release|x64
		{F8A8EDAF-4F58-4FE0-94D3-2043C9C826B8}.Release|x86.ActiveCfg = Release|Win32
		{F8A8EDAF-4F58-4FE0-94D3-2043C9C826B8}.Release|x86.Build.0 = Release|Win32
		{3A3A036C-D9D3-4317-95FB-02EB337D6BD4}.Debug|x64.ActiveCfg = Debug|x64
		{3A3A036C-D9D3-4317-95FB-02EB337D6BD4}.Debug|x64.Build.0 = Debug|x64
		{3A3A036C-D9D3-4317-95FB-02EB337D6BD4}.Debug|x86.ActiveCfg = Debug|Win32
		{3A3A036C-D9D3-4317-95FB-02EB337D6BD4}.Debug|x86.Build.0 = Debug|Win32
		{3A3A036C-D9D3-4317-95FB-02EB337D6BD4}.Release|x64.ActiveCfg = Release|x64
		{3A3A036C-D9D3-4317-95FB-02EB337D6BD4}.Release|x64.Build.0 = Release|x64
		{3A3A036C-D9D3-4317-95FB-02EB337D6BD4}.Release|x86.ActiveCfg = Release|Win32
		{3A3A036C-D9D3-4317-95FB-02EB337D6BD4}.Release|x86.Build.0 = Release|Win32
		{253BBD89-3CC2-4C54-A474-1268EA0EED26}.Debug|x64.ActiveCfg = Debug|x64
		{253BBD89-3CC2-4C54-A474-1268EA0EED26}.Debug|x64.Build.0 = Debug|x64
		{253BBD89-3CC2-4C54-A474-1268EA0EED26}.Debug|x86.ActiveCfg = Debug|Win32
		{253BBD89-3CC2-4C54-A474-1268EA0EED26}.Debug|x86.Build.0 = Debug|Win32
		{253BBD89-3CC2-4C54-A474-1268EA0EED26}.Release|x64.ActiveCfg = Release|x64
		{253BBD89-3CC2-4C54-A474-1268EA0EED26}.Release|x64.Build.0 = Release|x64
		{253BBD89-3CC2-4C54-A474-1268EA0EED26}.Release|x86.ActiveCfg = Release|Win32
		{253BBD89-3CC2-4C54-A474-1268EA0EED26}.Release|x86.Build.0 = Release|Win32
		{D19B14C6-CD56-4958-9EAD-47456784C577}.Debug|x64.ActiveCfg = Debug|x64
		{D19B14C6-CD56-4958-9EAD-47456784C577}.Debug|x64.Build.0 = Debug|x64
		{D19B14C6-CD56-4958-9EAD-47456784C577}.Debug|x86.ActiveCfg = Debug|Win32
		{D19B14C6-CD56-4958-9EAD-47456784C577}.Debug|x86.Build.0 = Debug|Win32
		{D19B14C6-CD56-4958-9EAD-47456784C577}.Release|x64.ActiveCfg = Release|x64
		{D19B14C6-CD56-4958-9EAD-47456784C577}.Release|x64.Build.0 = Release|x64
		{D19B14C6-CD56-4958-9EAD-47456784C577}.Release|x86.ActiveCfg = Release|Win32
		{D19B14C6-CD56-4958-9EAD-47456784C577}.Release|x86.Build.0 = Release|Win32
		{6B58695A-31EE-4621-9F3C-FA9F02BC73C2}.Debug|x64.ActiveCfg = Debug|x64
		{6B58695A-31EE-4621-9F3C-FA9F02BC73C2}.Debug|x64.Build.0 = Debug|x64
		{6B58695A-31EE-4621-9F3C-FA9F02BC73C2}.Debug|x86.ActiveCfg = Debug|Win32
		{6B58695A-31EE-4621-9F3C-FA9F02BC73C2}.Debug|x86.Build.0 = Debug|Win32
		{6B58695A-31EE-4621-9F3C-FA9F02BC73C2}.Release|x64.ActiveCfg = Release|x64
		{6B58695A-31EE-4621-9F3C-FA9F02BC73C2}.Release|x64.Build.0 = Release|x64
		{6B58695A-31EE-4621-9F3C-FA9F02BC73C2}.Release|x86.ActiveCfg = Release|Win32
		{6B58695A-31EE-4621-9F3C-FA9F02BC73C2}.Release|x86.Build.0 = Release|Win32
		{E0B54AFD-F503-46C6-8862-6D9BB2C71474}.Debug|x64.ActiveCfg = Debug|x64
		{E0B54AFD-F503-46C6-8862-6D9BB2C71474}.Debug|x64.Build.0 = Debug|x64
		{E0B54AFD-F503-46C6-8862-6D9BB2C71474}.Debug|x86.ActiveCfg = Debug|Win32
		{E0B54AFD-F503-46C6-8862-6D9BB2C71474}.Debug|x86.Build.0 = Debug|Win32
		{E0B54AFD-F503-46C6-8862-6D9BB2C71474}.Release|x64.ActiveCfg = Release|x64
		{E0B54AFD-F503-46C6-8862-6D9BB2C71474}.Release|x64.Build.0 = Release|x64
		{E0B54AFD-F503-46C6-8862-6D9BB2C71474}.Release|x86.ActiveCfg = Release|Win32
		{E0B54AFD-F503-46C6-8862-6D9BB2C71474}.Release|x86.Build.0 = Release|Win32
		{DD0FF61E-CD0C-4399-9432-31D1DD9BDD0A}.Debug|x64.ActiveCfg = Debug|x64
		{DD0FF61E-CD0C-4399-9432-31D1DD9BDD0A}.Debug|x64.Build.0 = Debug|x64
		{DD0FF61E-CD0C-4399-9432-31D1DD9BDD0A}.Debug|x86.ActiveCfg = Debug|Win32
		{DD0FF61E-CD0C-4399-9432-31D1DD9BDD0A}.Debug|x86.Build.0 = Debug|Win32
		{DD0FF61E-CD0C-4399-9432-31D1DD9BDD0A}.Release|x64.ActiveCfg = Release|x64
		{DD0FF61E-CD0C-4399-9432-31D1DD9BDD0A}.Release|x64.Build.0 = Release|x64
		{DD0FF61E-CD0C-4399-9432-31D1DD9BDD0A}.Release|x86.ActiveCfg = Release|Win32
		{DD0FF61E-CD0C-4399-9432-31D1DD9BDD0A}.Release|x86.Build.0 = Release|Win32
		{CA6FB087-9621-4BC4-A7A3-47BB80722AFC}.Debug|x64.ActiveCfg = Debug|x64
		{CA6FB087-9621-4BC4-A7A3-47BB80722AFC}.Debug|x64.Build.0 = Debug|x64
		{CA6FB087-9621-4BC4-A7A3-47BB80722AFC}.Debug|x86.ActiveCfg = Debug|Win32
		{CA6FB087-9621-4BC4-A7A3-47BB80722AFC}.Debug|x86.Build.0 = Debug|Win32
		{CA6FB087-9621-4BC4-A7A3-47BB80722AFC}.Release|x64.ActiveCfg = Release|x64
		{CA6FB087-9621-4BC4-A7A3-47BB80722AFC}.Release|x64.Build.0 = Release|x64
		{CA6FB087-9621-4BC4-A7A3-47BB80722AFC}.Release|x86.ActiveCfg = Release|Win32
		{CA6FB087-9621-4BC4-A7A3-47BB80722AFC}.Release|x86.Build.0 = Release|Win32
		{0095CC1C-71D7-4325-9909-4668344F9384}.Debug|x64.ActiveCfg = Debug|x64
		{0095CC1C-71D7-4325-9909-4668344F9384}.Debug|x64.Build.0 = Debug|x64
		{0095CC1C-71D7-4325-9909-4668344F9384}.Debug|x86.ActiveCfg = Debug|Win32
		{0095CC1C-71D7-4325-9909-4668344F9384}.Debug|x86.Build.0 = Debug|Win32
		{0095CC1C-71D7-4325-9909-4668344F9384}.Release|x64.ActiveCfg = Release|x64
		{0095CC1C-71D7-4325-9909-4668344F9384}.Release|x64.Build.0 = Release|x64
		{0095CC1C-71D7-4325-9909-4668344F9384}.Release|x86.ActiveCfg = Release|Win32
		{0095CC1C-71D7-4325-9909-4668344F9384}.Release|x86.Build.0 = Release|Win32
		{E81F239A-707A-4070-ACA5-56E4CF4544E0}.Debug|x64.ActiveCfg = Debug|x64
		{E81F239A-707A-4070-ACA5-56E4CF4544E0}.Debug|x64.Build.0 = Debug|x64
		{E81F239A-707A-4070-ACA5-56E4CF4544E0}.Debug|x86.ActiveCfg = Debug|Win32
		{E81F239A-707A-4070-ACA5-56E4CF4544E0}.Debug|x86.Build.0 = Debug|Win32
		{E81F239A-707A-4070-ACA5-56E4CF4544E0}.Release|x64.ActiveCfg = Release|x64
		{E81F239A-707A-4070-ACA5-56E4CF4544E0}.Release|x64.Build.0 = Release|x64
		{E81F239A-707A-4070-ACA5-56E4CF4544E0}.Release|x86.ActiveCfg = Release|Win32
		{E81F239A-707A-4070-ACA5-56E4CF4544E0}.Release|x86.Build.0 = Release|Win32
		{6327092A-5726-48FD-994A-FF62C4F446C8}.Debug|x64.ActiveCfg = Debug|x64
		{6327092A-5726-48FD-994A-FF62C4F446C8}.Debug|x64.Build.0 = Debug|x64
		{6327092A-5726-48FD-994A-FF62C4F446C8}.Debug|x86.ActiveCfg = Debug|Win32
		{6327092A-5726-48FD-994A-FF62C4F446C8}.Debug|x86.Build.0 = Debug|Win32
		{6327092A-5726-48FD-994A-FF62C4F446C8}.Release|x64.ActiveCfg = Release|x64
		{6327092A-5726-48FD-994A-FF62C4F446C8}.Release|x64.Build.0 = Release|x64
		{6327092A-5726-48FD-994A-FF62C4F446C8}.Release|x86.ActiveCfg = Release|Win32
		{6327092A-5726-48FD-994A-FF62C4F446C8}.Release|x86.Build.0 = Release|Win32
		{13284C6F-F44D-4D21-AF39-CF9C9742DA23}.Debug|x64.ActiveCfg = Debug|x64
		{13284C6F-F44D-4D21-AF39-CF9C9742DA23}.Debug|x64.Build.0 = Debug|x64
		{13284C6F-F44D-4D21-AF39-CF9C9742DA23}.Debug|x86.ActiveCfg = Debug|Win32
		{13284C6F-F44D-4D21-AF39-CF9C9742DA23}.Debug|x86.Build.0 = Debug|Win32
		{13284C6F-F44D-4D21-AF39-CF9C9742DA23}.Release|x64.ActiveCfg = Release|x64
		{13284C6F-F44D-4D21-AF39-CF9C9742DA23}.Release|x64.Build.0 = Release|x64
		{13284C6F-F44D-4D21-AF39-CF9C9742DA23}.Release|x86.ActiveCfg = Release|Win32
		{13284C6F-F44D-4D21-AF39-CF9C9742DA23}.Release|x86.Build.0 = Release|Win32
	EndGlobalSection
	GlobalSection(SolutionProperties) = preSolution
		HideSolutionNode = FALSE
	EndGlobalSection
	GlobalSection(ExtensibilityGlobals) = postSolution
		SolutionGuid = {C0CB6B1D-389E-4D59-BEAD-B9B3F4E6C0FC}
	EndGlobalSection
EndGlobal
